{
  "name": "wide-putin",
  "version": "1.0.0",
  "lockfileVersion": 2,
  "requires": true,
  "packages": {
    "": {
      "name": "wide-putin",
      "version": "1.0.0",
      "license": "ISC",
      "dependencies": {
        "wallpaper": "^5.0.1"
      }
    },
    "node_modules/wallpaper": {
      "version": "5.0.1",
      "resolved": "https://registry.npmjs.org/wallpaper/-/wallpaper-5.0.1.tgz",
      "integrity": "sha512-yB9sBVfosR+NVabo/Ej21hga5u55NQUUdDVoo4LwrLJDRA+ezzX4wmNGwl5yxx/fkBgTADMqLL8ldnfN8TI9hQ==",
      "engines": {
        "node": ">=12"
      }
    }
  },
  "dependencies": {
    "wallpaper": {
      "version": "5.0.1",
      "resolved": "https://registry.npmjs.org/wallpaper/-/wallpaper-5.0.1.tgz",
      "integrity": "sha512-yB9sBVfosR+NVabo/Ej21hga5u55NQUUdDVoo4LwrLJDRA+ezzX4wmNGwl5yxx/fkBgTADMqLL8ldnfN8TI9hQ=="
    }
  }
}
